
Microsoft Visual Studio Solution File, Format Version 12.00
# Visual Studio 15
VisualStudioVersion = 15.0.27130.2010
MinimumVisualStudioVersion = 10.0.40219.1
Project("{FAE04EC0-301F-11D3-BF4B-00C04F79EFBC}") = "TreeWarker", "TreeWarker\TreeWarker.csproj", "{75C9DD4C-BA30-4A5E-88BA-ECE214FA83FF}"
EndProject
Global
	GlobalSection(SolutionConfigurationPlatforms) = preSolution
		Debug|Any CPU = Debug|Any CPU
		Release|Any CPU = Release|Any CPU
	EndGlobalSection
	GlobalSection(ProjectConfigurationPlatforms) = postSolution
		{75C9DD4C-BA30-4A5E-88BA-ECE214FA83FF}.Debug|Any CPU.ActiveCfg = Debug|Any CPU
		{75C9DD4C-BA30-4A5E-88BA-ECE214FA83FF}.Debug|Any CPU.Build.0 = Debug|Any CPU
		{75C9DD4C-BA30-4A5E-88BA-ECE214FA83FF}.Release|Any CPU.ActiveCfg = Release|Any CPU
		{75C9DD4C-BA30-4A5E-88BA-ECE214FA83FF}.Release|Any CPU.Build.0 = Release|Any CPU
	EndGlobalSection
	GlobalSection(SolutionProperties) = preSolution
		HideSolutionNode = FALSE
	EndGlobalSection
	GlobalSection(ExtensibilityGlobals) = postSolution
		SolutionGuid = {9EB4B49B-C114-4891-8D03-F91D4883C7CB}
	EndGlobalSection
EndGlobal
